
Microsoft Visual Studio Solution File, Format Version 12.00
# Visual Studio Version 17
VisualStudioVersion = 17.0.31903.59
MinimumVisualStudioVersion = 10.0.40219.1
Project("{FAE04EC0-301F-11D3-BF4B-00C04F79EFBC}") = "CarInsurance", "CarInsurance.csproj", "{4E047345-E3EE-44E0-90C0-7033E8CDCA75}"
EndProject
Global
	GlobalSection(SolutionConfigurationPlatforms) = preSolution
		Debug|Any CPU = Debug|Any CPU
		Release|Any CPU = Release|Any CPU
	EndGlobalSection
	GlobalSection(ProjectConfigurationPlatforms) = postSolution
		{4E047345-E3EE-44E0-90C0-7033E8CDCA75}.Debug|Any CPU.ActiveCfg = Debug|Any CPU
		{4E047345-E3EE-44E0-90C0-7033E8CDCA75}.Debug|Any CPU.Build.0 = Debug|Any CPU
		{4E047345-E3EE-44E0-90C0-7033E8CDCA75}.Release|Any CPU.ActiveCfg = Release|Any CPU
		{4E047345-E3EE-44E0-90C0-7033E8CDCA75}.Release|Any CPU.Build.0 = Release|Any CPU
	EndGlobalSection
	GlobalSection(SolutionProperties) = preSolution
		HideSolutionNode = FALSE
	EndGlobalSection
	GlobalSection(ExtensibilityGlobals) = postSolution
		SolutionGuid = {679DFF6C-6D6F-4CBA-BF66-641FC91EFAFE}
	EndGlobalSection
EndGlobal
